
Microsoft Visual Studio Solution File, Format Version 12.00
# Visual Studio Version 16
VisualStudioVersion = 16.0.31205.134
MinimumVisualStudioVersion = 10.0.40219.1
Project("{FAE04EC0-301F-11D3-BF4B-00C04F79EFBC}") = "Question1_A", "Question1_A\Question1_A.csproj", "{D1A49DD1-1A1E-4629-BA0E-970F859AA2BB}"
EndProject
Project("{FAE04EC0-301F-11D3-BF4B-00C04F79EFBC}") = "Question1_B", "Question1_B\Question1_B.csproj", "{50ADE5DC-BD02-42A2-8CEA-7A52D91B4E1E}"
EndProject
Project("{FAE04EC0-301F-11D3-BF4B-00C04F79EFBC}") = "Question2_A", "Question2_A\Question2_A.csproj", "{AAAD55F6-8645-40F8-B1DE-FA152A24A1D5}"
EndProject
Project("{FAE04EC0-301F-11D3-BF4B-00C04F79EFBC}") = "Question2_B", "Question2_B\Question2_B.csproj", "{62BA7291-4EFA-40F3-8379-A69948F8541C}"
EndProject
Global
	GlobalSection(SolutionConfigurationPlatforms) = preSolution
		Debug|Any CPU = Debug|Any CPU
		Release|Any CPU = Release|Any CPU
	EndGlobalSection
	GlobalSection(ProjectConfigurationPlatforms) = postSolution
		{D1A49DD1-1A1E-4629-BA0E-970F859AA2BB}.Debug|Any CPU.ActiveCfg = Debug|Any CPU
		{D1A49DD1-1A1E-4629-BA0E-970F859AA2BB}.Debug|Any CPU.Build.0 = Debug|Any CPU
		{D1A49DD1-1A1E-4629-BA0E-970F859AA2BB}.Release|Any CPU.ActiveCfg = Release|Any CPU
		{D1A49DD1-1A1E-4629-BA0E-970F859AA2BB}.Release|Any CPU.Build.0 = Release|Any CPU
		{50ADE5DC-BD02-42A2-8CEA-7A52D91B4E1E}.Debug|Any CPU.ActiveCfg = Debug|Any CPU
		{50ADE5DC-BD02-42A2-8CEA-7A52D91B4E1E}.Debug|Any CPU.Build.0 = Debug|Any CPU
		{50ADE5DC-BD02-42A2-8CEA-7A52D91B4E1E}.Release|Any CPU.ActiveCfg = Release|Any CPU
		{50ADE5DC-BD02-42A2-8CEA-7A52D91B4E1E}.Release|Any CPU.Build.0 = Release|Any CPU
		{AAAD55F6-8645-40F8-B1DE-FA152A24A1D5}.Debug|Any CPU.ActiveCfg = Debug|Any CPU
		{AAAD55F6-8645-40F8-B1DE-FA152A24A1D5}.Debug|Any CPU.Build.0 = Debug|Any CPU
		{AAAD55F6-8645-40F8-B1DE-FA152A24A1D5}.Release|Any CPU.ActiveCfg = Release|Any CPU
		{AAAD55F6-8645-40F8-B1DE-FA152A24A1D5}.Release|Any CPU.Build.0 = Release|Any CPU
		{62BA7291-4EFA-40F3-8379-A69948F8541C}.Debug|Any CPU.ActiveCfg = Debug|Any CPU
		{62BA7291-4EFA-40F3-8379-A69948F8541C}.Debug|Any CPU.Build.0 = Debug|Any CPU
		{62BA7291-4EFA-40F3-8379-A69948F8541C}.Release|Any CPU.ActiveCfg = Release|Any CPU
		{62BA7291-4EFA-40F3-8379-A69948F8541C}.Release|Any CPU.Build.0 = Release|Any CPU
	EndGlobalSection
	GlobalSection(SolutionProperties) = preSolution
		HideSolutionNode = FALSE
	EndGlobalSection
	GlobalSection(ExtensibilityGlobals) = postSolution
		SolutionGuid = {C6195842-F7CA-4CDF-BA99-34C30A5E9656}
	EndGlobalSection
EndGlobal
